
Microsoft Visual Studio Solution File, Format Version 12.00
# Visual Studio Version 17
VisualStudioVersion = 17.5.33627.172
MinimumVisualStudioVersion = 10.0.40219.1
Project("{888888A0-9F3D-457C-B088-3A5042F75D52}") = "PruebaPython", "PruebaPython\PruebaPython.pyproj", "{7447467D-BDCC-4928-8A1A-4064F1564640}"
EndProject
Global
	GlobalSection(SolutionConfigurationPlatforms) = preSolution
		Debug|Any CPU = Debug|Any CPU
		Release|Any CPU = Release|Any CPU
	EndGlobalSection
	GlobalSection(ProjectConfigurationPlatforms) = postSolution
		{7447467D-BDCC-4928-8A1A-4064F1564640}.Debug|Any CPU.ActiveCfg = Debug|Any CPU
		{7447467D-BDCC-4928-8A1A-4064F1564640}.Release|Any CPU.ActiveCfg = Release|Any CPU
	EndGlobalSection
	GlobalSection(SolutionProperties) = preSolution
		HideSolutionNode = FALSE
	EndGlobalSection
	GlobalSection(ExtensibilityGlobals) = postSolution
		SolutionGuid = {9B02F05B-14A6-4D39-8766-A10B2DEE1180}
	EndGlobalSection
EndGlobal
